
Microsoft Visual Studio Solution File, Format Version 12.00
Project("{FAE04EC0-301F-11D3-BF4B-00C04F79EFBC}") = "CryptFlow.WebAPI", "CryptFlow.WebAPI\CryptFlow.WebAPI.csproj", "{10C2BF34-0EAF-4856-9D82-F07F1122510B}"
EndProject
Global
	GlobalSection(SolutionConfigurationPlatforms) = preSolution
		Debug|Any CPU = Debug|Any CPU
		Release|Any CPU = Release|Any CPU
	EndGlobalSection
	GlobalSection(ProjectConfigurationPlatforms) = postSolution
		{10C2BF34-0EAF-4856-9D82-F07F1122510B}.Debug|Any CPU.ActiveCfg = Debug|Any CPU
		{10C2BF34-0EAF-4856-9D82-F07F1122510B}.Debug|Any CPU.Build.0 = Debug|Any CPU
		{10C2BF34-0EAF-4856-9D82-F07F1122510B}.Release|Any CPU.ActiveCfg = Release|Any CPU
		{10C2BF34-0EAF-4856-9D82-F07F1122510B}.Release|Any CPU.Build.0 = Release|Any CPU
	EndGlobalSection
EndGlobal
